// !$*UTF8*$!
{
	archiveVersion = 1;
	classes = {
	};
	objectVersion = 50;
	objects = {

/* Begin PBXBuildFile section */
		B920946A21E3C60F0007A4EB /* RoundedCell-Base.swift in Sources */ = {isa = PBXBuildFile; fileRef = B920946921E3C60F0007A4EB /* RoundedCell-Base.swift */; };
		B938623721EC3686003A9137 /* ContainerCell.swift in Sources */ = {isa = PBXBuildFile; fileRef = B938623621EC3686003A9137 /* ContainerCell.swift */; };
		B938623A21EC3D3A003A9137 /* ContainerCell-CollectionView.swift in Sources */ = {isa = PBXBuildFile; fileRef = B938623921EC3D3A003A9137 /* ContainerCell-CollectionView.swift */; };
		B94F568721E1E0F4003EB703 /* FakeTabBar-ViewProps.swift in Sources */ = {isa = PBXBuildFile; fileRef = B94F568621E1E0F4003EB703 /* FakeTabBar-ViewProps.swift */; };
		B94F568A21E1E247003EB703 /* FakeTabBar-CollectionView.swift in Sources */ = {isa = PBXBuildFile; fileRef = B94F568921E1E247003EB703 /* FakeTabBar-CollectionView.swift */; };
		B94F568C21E1E26A003EB703 /* FakeTabBar-MenuCell.swift in Sources */ = {isa = PBXBuildFile; fileRef = B94F568B21E1E26A003EB703 /* FakeTabBar-MenuCell.swift */; };
		B94F568E21E1E2CB003EB703 /* FakeTabBar.swift in Sources */ = {isa = PBXBuildFile; fileRef = B94F568D21E1E2CB003EB703 /* FakeTabBar.swift */; };
		B94F569021E1E6CD003EB703 /* AppIcon.xcassets in Resources */ = {isa = PBXBuildFile; fileRef = B94F568F21E1E6CD003EB703 /* AppIcon.xcassets */; };
		B9A3A86621E5AF83005B7B88 /* GlobalVariables.swift in Sources */ = {isa = PBXBuildFile; fileRef = B9A3A86521E5AF83005B7B88 /* GlobalVariables.swift */; };
		B9C47F0321EE03D0007D1E78 /* ContentCell.swift in Sources */ = {isa = PBXBuildFile; fileRef = B9C47F0221EE03D0007D1E78 /* ContentCell.swift */; };
		B9C47F0521EE03D9007D1E78 /* ContentCell-Bottom.swift in Sources */ = {isa = PBXBuildFile; fileRef = B9C47F0421EE03D9007D1E78 /* ContentCell-Bottom.swift */; };
		B9C47F0921EE044D007D1E78 /* ContainerLayout.swift in Sources */ = {isa = PBXBuildFile; fileRef = B9C47F0821EE044D007D1E78 /* ContainerLayout.swift */; };
		B9C47F0B21EE046B007D1E78 /* StackingLayout.swift in Sources */ = {isa = PBXBuildFile; fileRef = B9C47F0A21EE046B007D1E78 /* StackingLayout.swift */; };
		B9DE3B9521E0ABE100821C31 /* AppDelegate.swift in Sources */ = {isa = PBXBuildFile; fileRef = B9DE3B9421E0ABE100821C31 /* AppDelegate.swift */; };
		B9DE3B9F21E0ABE200821C31 /* LaunchScreen.storyboard in Resources */ = {isa = PBXBuildFile; fileRef = B9DE3B9D21E0ABE200821C31 /* LaunchScreen.storyboard */; };
		B9DE3BAB21E0ACB400821C31 /* HomeViewController-ViewProps.swift in Sources */ = {isa = PBXBuildFile; fileRef = B9DE3BAA21E0ACB400821C31 /* HomeViewController-ViewProps.swift */; };
		B9DE3BB021E0AE0200821C31 /* HomeViewController.swift in Sources */ = {isa = PBXBuildFile; fileRef = B9DE3BAF21E0AE0200821C31 /* HomeViewController.swift */; };
		B9DE3BB221E0AE4500821C31 /* HomeViewController-Constraints.swift in Sources */ = {isa = PBXBuildFile; fileRef = B9DE3BB121E0AE4500821C31 /* HomeViewController-Constraints.swift */; };
		B9DE3BB421E0AE5F00821C31 /* HomeViewController-CollectionView.swift in Sources */ = {isa = PBXBuildFile; fileRef = B9DE3BB321E0AE5F00821C31 /* HomeViewController-CollectionView.swift */; };
		ED69BC6021F2EF7F0024E8B5 /* Guides.swift in Sources */ = {isa = PBXBuildFile; fileRef = ED69BC5F21F2EF7F0024E8B5 /* Guides.swift */; };
		ED81009421F36FBE00D4EF11 /* ContainerCell-Constraints.swift in Sources */ = {isa = PBXBuildFile; fileRef = ED81009321F36FBE00D4EF11 /* ContainerCell-Constraints.swift */; };
		ED81009621F36FF100D4EF11 /* ContainerCell-Animation.swift in Sources */ = {isa = PBXBuildFile; fileRef = ED81009521F36FF100D4EF11 /* ContainerCell-Animation.swift */; };
		ED81009821F371AA00D4EF11 /* HeaderCell.swift in Sources */ = {isa = PBXBuildFile; fileRef = ED81009721F371AA00D4EF11 /* HeaderCell.swift */; };
/* End PBXBuildFile section */

/* Begin PBXFileReference section */
		B920946921E3C60F0007A4EB /* RoundedCell-Base.swift */ = {isa = PBXFileReference; lastKnownFileType = sourcecode.swift; path = "RoundedCell-Base.swift"; sourceTree = "<group>"; };
		B938623621EC3686003A9137 /* ContainerCell.swift */ = {isa = PBXFileReference; lastKnownFileType = sourcecode.swift; path = ContainerCell.swift; sourceTree = "<group>"; };
		B938623921EC3D3A003A9137 /* ContainerCell-CollectionView.swift */ = {isa = PBXFileReference; lastKnownFileType = sourcecode.swift; path = "ContainerCell-CollectionView.swift"; sourceTree = "<group>"; };
		B94F568621E1E0F4003EB703 /* FakeTabBar-ViewProps.swift */ = {isa = PBXFileReference; lastKnownFileType = sourcecode.swift; path = "FakeTabBar-ViewProps.swift"; sourceTree = "<group>"; };
		B94F568921E1E247003EB703 /* FakeTabBar-CollectionView.swift */ = {isa = PBXFileReference; lastKnownFileType = sourcecode.swift; path = "FakeTabBar-CollectionView.swift"; sourceTree = "<group>"; };
		B94F568B21E1E26A003EB703 /* FakeTabBar-MenuCell.swift */ = {isa = PBXFileReference; lastKnownFileType = sourcecode.swift; path = "FakeTabBar-MenuCell.swift"; sourceTree = "<group>"; };
		B94F568D21E1E2CB003EB703 /* FakeTabBar.swift */ = {isa = PBXFileReference; lastKnownFileType = sourcecode.swift; path = FakeTabBar.swift; sourceTree = "<group>"; };
		B94F568F21E1E6CD003EB703 /* AppIcon.xcassets */ = {isa = PBXFileReference; lastKnownFileType = folder.assetcatalog; path = AppIcon.xcassets; sourceTree = "<group>"; };
		B9A3A86521E5AF83005B7B88 /* GlobalVariables.swift */ = {isa = PBXFileReference; lastKnownFileType = sourcecode.swift; path = GlobalVariables.swift; sourceTree = "<group>"; };
		B9C47F0221EE03D0007D1E78 /* ContentCell.swift */ = {isa = PBXFileReference; lastKnownFileType = sourcecode.swift; path = ContentCell.swift; sourceTree = "<group>"; };
		B9C47F0421EE03D9007D1E78 /* ContentCell-Bottom.swift */ = {isa = PBXFileReference; lastKnownFileType = sourcecode.swift; path = "ContentCell-Bottom.swift"; sourceTree = "<group>"; };
		B9C47F0821EE044D007D1E78 /* ContainerLayout.swift */ = {isa = PBXFileReference; lastKnownFileType = sourcecode.swift; path = ContainerLayout.swift; sourceTree = "<group>"; };
		B9C47F0A21EE046B007D1E78 /* StackingLayout.swift */ = {isa = PBXFileReference; lastKnownFileType = sourcecode.swift; path = StackingLayout.swift; sourceTree = "<group>"; };
		B9DE3B9121E0ABE100821C31 /* urbfarmUITest.app */ = {isa = PBXFileReference; explicitFileType = wrapper.application; includeInIndex = 0; path = urbfarmUITest.app; sourceTree = BUILT_PRODUCTS_DIR; };
		B9DE3B9421E0ABE100821C31 /* AppDelegate.swift */ = {isa = PBXFileReference; lastKnownFileType = sourcecode.swift; path = AppDelegate.swift; sourceTree = "<group>"; };
		B9DE3B9E21E0ABE200821C31 /* Base */ = {isa = PBXFileReference; lastKnownFileType = file.storyboard; name = Base; path = Base.lproj/LaunchScreen.storyboard; sourceTree = "<group>"; };
		B9DE3BA021E0ABE200821C31 /* Info.plist */ = {isa = PBXFileReference; lastKnownFileType = text.plist.xml; path = Info.plist; sourceTree = "<group>"; };
		B9DE3BAA21E0ACB400821C31 /* HomeViewController-ViewProps.swift */ = {isa = PBXFileReference; lastKnownFileType = sourcecode.swift; path = "HomeViewController-ViewProps.swift"; sourceTree = "<group>"; };
		B9DE3BAF21E0AE0200821C31 /* HomeViewController.swift */ = {isa = PBXFileReference; lastKnownFileType = sourcecode.swift; path = HomeViewController.swift; sourceTree = "<group>"; };
		B9DE3BB121E0AE4500821C31 /* HomeViewController-Constraints.swift */ = {isa = PBXFileReference; lastKnownFileType = sourcecode.swift; path = "HomeViewController-Constraints.swift"; sourceTree = "<group>"; };
		B9DE3BB321E0AE5F00821C31 /* HomeViewController-CollectionView.swift */ = {isa = PBXFileReference; lastKnownFileType = sourcecode.swift; path = "HomeViewController-CollectionView.swift"; sourceTree = "<group>"; };
		ED69BC5F21F2EF7F0024E8B5 /* Guides.swift */ = {isa = PBXFileReference; lastKnownFileType = sourcecode.swift; path = Guides.swift; sourceTree = "<group>"; };
		ED81009321F36FBE00D4EF11 /* ContainerCell-Constraints.swift */ = {isa = PBXFileReference; lastKnownFileType = sourcecode.swift; path = "ContainerCell-Constraints.swift"; sourceTree = "<group>"; };
		ED81009521F36FF100D4EF11 /* ContainerCell-Animation.swift */ = {isa = PBXFileReference; lastKnownFileType = sourcecode.swift; path = "ContainerCell-Animation.swift"; sourceTree = "<group>"; };
		ED81009721F371AA00D4EF11 /* HeaderCell.swift */ = {isa = PBXFileReference; lastKnownFileType = sourcecode.swift; path = HeaderCell.swift; sourceTree = "<group>"; };
/* End PBXFileReference section */

/* Begin PBXFrameworksBuildPhase section */
		B9DE3B8E21E0ABE100821C31 /* Frameworks */ = {
			isa = PBXFrameworksBuildPhase;
			buildActionMask = 2147483647;
			files = (
			);
			runOnlyForDeploymentPostprocessing = 0;
		};
/* End PBXFrameworksBuildPhase section */

/* Begin PBXGroup section */
		B938623821EC3D06003A9137 /* Container */ = {
			isa = PBXGroup;
			children = (
				B9C47EFF21EE0381007D1E78 /* ContainerCell */,
				B9C47F0121EE0395007D1E78 /* RoundedCell */,
			);
			path = Container;
			sourceTree = "<group>";
		};
		B94F568821E1E234003EB703 /* FakeTabBar */ = {
			isa = PBXGroup;
			children = (
				B94F568D21E1E2CB003EB703 /* FakeTabBar.swift */,
				B94F568621E1E0F4003EB703 /* FakeTabBar-ViewProps.swift */,
				B94F568921E1E247003EB703 /* FakeTabBar-CollectionView.swift */,
				B94F568B21E1E26A003EB703 /* FakeTabBar-MenuCell.swift */,
			);
			path = FakeTabBar;
			sourceTree = "<group>";
		};
		B9A3A86421E5AF77005B7B88 /* Global */ = {
			isa = PBXGroup;
			children = (
				B9A3A86521E5AF83005B7B88 /* GlobalVariables.swift */,
			);
			path = Global;
			sourceTree = "<group>";
		};
		B9C47EFF21EE0381007D1E78 /* ContainerCell */ = {
			isa = PBXGroup;
			children = (
				B938623621EC3686003A9137 /* ContainerCell.swift */,
				ED81009321F36FBE00D4EF11 /* ContainerCell-Constraints.swift */,
				ED81009521F36FF100D4EF11 /* ContainerCell-Animation.swift */,
				B938623921EC3D3A003A9137 /* ContainerCell-CollectionView.swift */,
			);
			path = ContainerCell;
			sourceTree = "<group>";
		};
		B9C47F0121EE0395007D1E78 /* RoundedCell */ = {
			isa = PBXGroup;
			children = (
				B920946921E3C60F0007A4EB /* RoundedCell-Base.swift */,
				B9C47F0221EE03D0007D1E78 /* ContentCell.swift */,
				B9C47F0421EE03D9007D1E78 /* ContentCell-Bottom.swift */,
				ED81009721F371AA00D4EF11 /* HeaderCell.swift */,
			);
			path = RoundedCell;
			sourceTree = "<group>";
		};
		B9C47F0721EE0431007D1E78 /* CustomLayouts */ = {
			isa = PBXGroup;
			children = (
				B9C47F0821EE044D007D1E78 /* ContainerLayout.swift */,
				B9C47F0A21EE046B007D1E78 /* StackingLayout.swift */,
			);
			path = CustomLayouts;
			sourceTree = "<group>";
		};
		B9DE3B8821E0ABE100821C31 = {
			isa = PBXGroup;
			children = (
				B9DE3B9321E0ABE100821C31 /* urbfarmUITest */,
				B9DE3B9221E0ABE100821C31 /* Products */,
			);
			sourceTree = "<group>";
		};
		B9DE3B9221E0ABE100821C31 /* Products */ = {
			isa = PBXGroup;
			children = (
				B9DE3B9121E0ABE100821C31 /* urbfarmUITest.app */,
			);
			name = Products;
			sourceTree = "<group>";
		};
		B9DE3B9321E0ABE100821C31 /* urbfarmUITest */ = {
			isa = PBXGroup;
			children = (
				B9A3A86421E5AF77005B7B88 /* Global */,
				ED69BC5E21F2EF570024E8B5 /* Models */,
				B9DE3BA621E0AC7500821C31 /* Controller */,
				B9DE3BA921E0AC9800821C31 /* View */,
				B9DE3BA021E0ABE200821C31 /* Info.plist */,
				ED81009921F37BAF00D4EF11 /* SupportFiles */,
			);
			path = urbfarmUITest;
			sourceTree = "<group>";
		};
		B9DE3BA621E0AC7500821C31 /* Controller */ = {
			isa = PBXGroup;
			children = (
				B9DE3BAC21E0AD4500821C31 /* Home */,
			);
			path = Controller;
			sourceTree = "<group>";
		};
		B9DE3BA921E0AC9800821C31 /* View */ = {
			isa = PBXGroup;
			children = (
				B94F568821E1E234003EB703 /* FakeTabBar */,
			);
			path = View;
			sourceTree = "<group>";
		};
		B9DE3BAC21E0AD4500821C31 /* Home */ = {
			isa = PBXGroup;
			children = (
				B9DE3BAF21E0AE0200821C31 /* HomeViewController.swift */,
				B9DE3BAA21E0ACB400821C31 /* HomeViewController-ViewProps.swift */,
				B9DE3BB121E0AE4500821C31 /* HomeViewController-Constraints.swift */,
				B9DE3BB321E0AE5F00821C31 /* HomeViewController-CollectionView.swift */,
				B9C47F0721EE0431007D1E78 /* CustomLayouts */,
				B938623821EC3D06003A9137 /* Container */,
			);
			path = Home;
			sourceTree = "<group>";
		};
		ED69BC5E21F2EF570024E8B5 /* Models */ = {
			isa = PBXGroup;
			children = (
				ED69BC5F21F2EF7F0024E8B5 /* Guides.swift */,
			);
			path = Models;
			sourceTree = "<group>";
		};
		ED81009921F37BAF00D4EF11 /* SupportFiles */ = {
			isa = PBXGroup;
			children = (
				B94F568F21E1E6CD003EB703 /* AppIcon.xcassets */,
				B9DE3B9421E0ABE100821C31 /* AppDelegate.swift */,
				B9DE3B9D21E0ABE200821C31 /* LaunchScreen.storyboard */,
			);
			path = SupportFiles;
			sourceTree = "<group>";
		};
/* End PBXGroup section */

/* Begin PBXNativeTarget section */
		B9DE3B9021E0ABE100821C31 /* urbfarmUITest */ = {
			isa = PBXNativeTarget;
			buildConfigurationList = B9DE3BA321E0ABE200821C31 /* Build configuration list for PBXNativeTarget "urbfarmUITest" */;
			buildPhases = (
				B9DE3B8D21E0ABE100821C31 /* Sources */,
				B9DE3B8E21E0ABE100821C31 /* Frameworks */,
				B9DE3B8F21E0ABE100821C31 /* Resources */,
			);
			buildRules = (
			);
			dependencies = (
			);
			name = urbfarmUITest;
			productName = urbfarmUITest;
			productReference = B9DE3B9121E0ABE100821C31 /* urbfarmUITest.app */;
			productType = "com.apple.product-type.application";
		};
/* End PBXNativeTarget section */

/* Begin PBXProject section */
		B9DE3B8921E0ABE100821C31 /* Project object */ = {
			isa = PBXProject;
			attributes = {
				LastSwiftUpdateCheck = 1010;
				LastUpgradeCheck = 1010;
				ORGANIZATIONNAME = "Andy Jiehan Aldicho";
				TargetAttributes = {
					B9DE3B9021E0ABE100821C31 = {
						CreatedOnToolsVersion = 10.1;
					};
				};
			};
			buildConfigurationList = B9DE3B8C21E0ABE100821C31 /* Build configuration list for PBXProject "urbfarmUITest" */;
			compatibilityVersion = "Xcode 9.3";
			developmentRegion = en;
			hasScannedForEncodings = 0;
			knownRegions = (
				en,
				Base,
			);
			mainGroup = B9DE3B8821E0ABE100821C31;
			productRefGroup = B9DE3B9221E0ABE100821C31 /* Products */;
			projectDirPath = "";
			projectRoot = "";
			targets = (
				B9DE3B9021E0ABE100821C31 /* urbfarmUITest */,
			);
		};
/* End PBXProject section */

/* Begin PBXResourcesBuildPhase section */
		B9DE3B8F21E0ABE100821C31 /* Resources */ = {
			isa = PBXResourcesBuildPhase;
			buildActionMask = 2147483647;
			files = (
				B9DE3B9F21E0ABE200821C31 /* LaunchScreen.storyboard in Resources */,
				B94F569021E1E6CD003EB703 /* AppIcon.xcassets in Resources */,
			);
			runOnlyForDeploymentPostprocessing = 0;
		};
/* End PBXResourcesBuildPhase section */

/* Begin PBXSourcesBuildPhase section */
		B9DE3B8D21E0ABE100821C31 /* Sources */ = {
			isa = PBXSourcesBuildPhase;
			buildActionMask = 2147483647;
			files = (
				B9DE3BB021E0AE0200821C31 /* HomeViewController.swift in Sources */,
				B94F568A21E1E247003EB703 /* FakeTabBar-CollectionView.swift in Sources */,
				B94F568721E1E0F4003EB703 /* FakeTabBar-ViewProps.swift in Sources */,
				B938623721EC3686003A9137 /* ContainerCell.swift in Sources */,
				B9C47F0521EE03D9007D1E78 /* ContentCell-Bottom.swift in Sources */,
				B9A3A86621E5AF83005B7B88 /* GlobalVariables.swift in Sources */,
				B94F568E21E1E2CB003EB703 /* FakeTabBar.swift in Sources */,
				B9C47F0321EE03D0007D1E78 /* ContentCell.swift in Sources */,
				B9DE3BB421E0AE5F00821C31 /* HomeViewController-CollectionView.swift in Sources */,
				B94F568C21E1E26A003EB703 /* FakeTabBar-MenuCell.swift in Sources */,
				B9DE3B9521E0ABE100821C31 /* AppDelegate.swift in Sources */,
				B938623A21EC3D3A003A9137 /* ContainerCell-CollectionView.swift in Sources */,
				B9DE3BAB21E0ACB400821C31 /* HomeViewController-ViewProps.swift in Sources */,
				B9C47F0921EE044D007D1E78 /* ContainerLayout.swift in Sources */,
				ED69BC6021F2EF7F0024E8B5 /* Guides.swift in Sources */,
				ED81009421F36FBE00D4EF11 /* ContainerCell-Constraints.swift in Sources */,
				ED81009821F371AA00D4EF11 /* HeaderCell.swift in Sources */,
				ED81009621F36FF100D4EF11 /* ContainerCell-Animation.swift in Sources */,
				B920946A21E3C60F0007A4EB /* RoundedCell-Base.swift in Sources */,
				B9DE3BB221E0AE4500821C31 /* HomeViewController-Constraints.swift in Sources */,
				B9C47F0B21EE046B007D1E78 /* StackingLayout.swift in Sources */,
			);
			runOnlyForDeploymentPostprocessing = 0;
		};
/* End PBXSourcesBuildPhase section */

/* Begin PBXVariantGroup section */
		B9DE3B9D21E0ABE200821C31 /* LaunchScreen.storyboard */ = {
			isa = PBXVariantGroup;
			children = (
				B9DE3B9E21E0ABE200821C31 /* Base */,
			);
			name = LaunchScreen.storyboard;
			sourceTree = "<group>";
		};
/* End PBXVariantGroup section */

/* Begin XCBuildConfiguration section */
		B9DE3BA121E0ABE200821C31 /* Debug */ = {
			isa = XCBuildConfiguration;
			buildSettings = {
				ALWAYS_SEARCH_USER_PATHS = NO;
				CLANG_ANALYZER_NONNULL = YES;
				CLANG_ANALYZER_NUMBER_OBJECT_CONVERSION = YES_AGGRESSIVE;
				CLANG_CXX_LANGUAGE_STANDARD = "gnu++14";
				CLANG_CXX_LIBRARY = "libc++";
				CLANG_ENABLE_MODULES = YES;
				CLANG_ENABLE_OBJC_ARC = YES;
				CLANG_ENABLE_OBJC_WEAK = YES;
				CLANG_WARN_BLOCK_CAPTURE_AUTORELEASING = YES;
				CLANG_WARN_BOOL_CONVERSION = YES;
				CLANG_WARN_COMMA = YES;
				CLANG_WARN_CONSTANT_CONVERSION = YES;
				CLANG_WARN_DEPRECATED_OBJC_IMPLEMENTATIONS = YES;
				CLANG_WARN_DIRECT_OBJC_ISA_USAGE = YES_ERROR;
				CLANG_WARN_DOCUMENTATION_COMMENTS = YES;
				CLANG_WARN_EMPTY_BODY = YES;
				CLANG_WARN_ENUM_CONVERSION = YES;
				CLANG_WARN_INFINITE_RECURSION = YES;
				CLANG_WARN_INT_CONVERSION = YES;
				CLANG_WARN_NON_LITERAL_NULL_CONVERSION = YES;
				CLANG_WARN_OBJC_IMPLICIT_RETAIN_SELF = YES;
				CLANG_WARN_OBJC_LITERAL_CONVERSION = YES;
				CLANG_WARN_OBJC_ROOT_CLASS = YES_ERROR;
				CLANG_WARN_RANGE_LOOP_ANALYSIS = YES;
				CLANG_WARN_STRICT_PROTOTYPES = YES;
				CLANG_WARN_SUSPICIOUS_MOVE = YES;
				CLANG_WARN_UNGUARDED_AVAILABILITY = YES_AGGRESSIVE;
				CLANG_WARN_UNREACHABLE_CODE = YES;
				CLANG_WARN__DUPLICATE_METHOD_MATCH = YES;
				CODE_SIGN_IDENTITY = "iPhone Developer";
				COPY_PHASE_STRIP = NO;
				DEBUG_INFORMATION_FORMAT = dwarf;
				ENABLE_STRICT_OBJC_MSGSEND = YES;
				ENABLE_TESTABILITY = YES;
				GCC_C_LANGUAGE_STANDARD = gnu11;
				GCC_DYNAMIC_NO_PIC = NO;
				GCC_NO_COMMON_BLOCKS = YES;
				GCC_OPTIMIZATION_LEVEL = 0;
				GCC_PREPROCESSOR_DEFINITIONS = (
					"DEBUG=1",
					"$(inherited)",
				);
				GCC_WARN_64_TO_32_BIT_CONVERSION = YES;
				GCC_WARN_ABOUT_RETURN_TYPE = YES_ERROR;
				GCC_WARN_UNDECLARED_SELECTOR = YES;
				GCC_WARN_UNINITIALIZED_AUTOS = YES_AGGRESSIVE;
				GCC_WARN_UNUSED_FUNCTION = YES;
				GCC_WARN_UNUSED_VARIABLE = YES;
				IPHONEOS_DEPLOYMENT_TARGET = 12.1;
				MTL_ENABLE_DEBUG_INFO = INCLUDE_SOURCE;
				MTL_FAST_MATH = YES;
				ONLY_ACTIVE_ARCH = YES;
				SDKROOT = iphoneos;
				SWIFT_ACTIVE_COMPILATION_CONDITIONS = DEBUG;
				SWIFT_OPTIMIZATION_LEVEL = "-Onone";
			};
			name = Debug;
		};
		B9DE3BA221E0ABE200821C31 /* Release */ = {
			isa = XCBuildConfiguration;
			buildSettings = {
				ALWAYS_SEARCH_USER_PATHS = NO;
				CLANG_ANALYZER_NONNULL = YES;
				CLANG_ANALYZER_NUMBER_OBJECT_CONVERSION = YES_AGGRESSIVE;
				CLANG_CXX_LANGUAGE_STANDARD = "gnu++14";
				CLANG_CXX_LIBRARY = "libc++";
				CLANG_ENABLE_MODULES = YES;
				CLANG_ENABLE_OBJC_ARC = YES;
				CLANG_ENABLE_OBJC_WEAK = YES;
				CLANG_WARN_BLOCK_CAPTURE_AUTORELEASING = YES;
				CLANG_WARN_BOOL_CONVERSION = YES;
				CLANG_WARN_COMMA = YES;
				CLANG_WARN_CONSTANT_CONVERSION = YES;
				CLANG_WARN_DEPRECATED_OBJC_IMPLEMENTATIONS = YES;
				CLANG_WARN_DIRECT_OBJC_ISA_USAGE = YES_ERROR;
				CLANG_WARN_DOCUMENTATION_COMMENTS = YES;
				CLANG_WARN_EMPTY_BODY = YES;
				CLANG_WARN_ENUM_CONVERSION = YES;
				CLANG_WARN_INFINITE_RECURSION = YES;
				CLANG_WARN_INT_CONVERSION = YES;
				CLANG_WARN_NON_LITERAL_NULL_CONVERSION = YES;
				CLANG_WARN_OBJC_IMPLICIT_RETAIN_SELF = YES;
				CLANG_WARN_OBJC_LITERAL_CONVERSION = YES;
				CLANG_WARN_OBJC_ROOT_CLASS = YES_ERROR;
				CLANG_WARN_RANGE_LOOP_ANALYSIS = YES;
				CLANG_WARN_STRICT_PROTOTYPES = YES;
				CLANG_WARN_SUSPICIOUS_MOVE = YES;
				CLANG_WARN_UNGUARDED_AVAILABILITY = YES_AGGRESSIVE;
				CLANG_WARN_UNREACHABLE_CODE = YES;
				CLANG_WARN__DUPLICATE_METHOD_MATCH = YES;
				CODE_SIGN_IDENTITY = "iPhone Developer";
				COPY_PHASE_STRIP = NO;
				DEBUG_INFORMATION_FORMAT = "dwarf-with-dsym";
				ENABLE_NS_ASSERTIONS = NO;
				ENABLE_STRICT_OBJC_MSGSEND = YES;
				GCC_C_LANGUAGE_STANDARD = gnu11;
				GCC_NO_COMMON_BLOCKS = YES;
				GCC_WARN_64_TO_32_BIT_CONVERSION = YES;
				GCC_WARN_ABOUT_RETURN_TYPE = YES_ERROR;
				GCC_WARN_UNDECLARED_SELECTOR = YES;
				GCC_WARN_UNINITIALIZED_AUTOS = YES_AGGRESSIVE;
				GCC_WARN_UNUSED_FUNCTION = YES;
				GCC_WARN_UNUSED_VARIABLE = YES;
				IPHONEOS_DEPLOYMENT_TARGET = 12.1;
				MTL_ENABLE_DEBUG_INFO = NO;
				MTL_FAST_MATH = YES;
				SDKROOT = iphoneos;
				SWIFT_COMPILATION_MODE = wholemodule;
				SWIFT_OPTIMIZATION_LEVEL = "-O";
				VALIDATE_PRODUCT = YES;
			};
			name = Release;
		};
		B9DE3BA421E0ABE200821C31 /* Debug */ = {
			isa = XCBuildConfiguration;
			buildSettings = {
				ASSETCATALOG_COMPILER_APPICON_NAME = AppIcon;
				CODE_SIGN_STYLE = Automatic;
				DEVELOPMENT_TEAM = RCS84LVYUK;
				INFOPLIST_FILE = urbfarmUITest/Info.plist;
				LD_RUNPATH_SEARCH_PATHS = (
					"$(inherited)",
					"@executable_path/Frameworks",
				);
				PRODUCT_BUNDLE_IDENTIFIER = aldicho.urbfarmUITest;
				PRODUCT_NAME = "$(TARGET_NAME)";
				SWIFT_VERSION = 4.2;
				TARGETED_DEVICE_FAMILY = "1,2";
			};
			name = Debug;
		};
		B9DE3BA521E0ABE200821C31 /* Release */ = {
			isa = XCBuildConfiguration;
			buildSettings = {
				ASSETCATALOG_COMPILER_APPICON_NAME = AppIcon;
				CODE_SIGN_STYLE = Automatic;
				DEVELOPMENT_TEAM = RCS84LVYUK;
				INFOPLIST_FILE = urbfarmUITest/Info.plist;
				LD_RUNPATH_SEARCH_PATHS = (
					"$(inherited)",
					"@executable_path/Frameworks",
				);
				PRODUCT_BUNDLE_IDENTIFIER = aldicho.urbfarmUITest;
				PRODUCT_NAME = "$(TARGET_NAME)";
				SWIFT_VERSION = 4.2;
				TARGETED_DEVICE_FAMILY = "1,2";
			};
			name = Release;
		};
/* End XCBuildConfiguration section */

/* Begin XCConfigurationList section */
		B9DE3B8C21E0ABE100821C31 /* Build configuration list for PBXProject "urbfarmUITest" */ = {
			isa = XCConfigurationList;
			buildConfigurations = (
				B9DE3BA121E0ABE200821C31 /* Debug */,
				B9DE3BA221E0ABE200821C31 /* Release */,
			);
			defaultConfigurationIsVisible = 0;
			defaultConfigurationName = Release;
		};
		B9DE3BA321E0ABE200821C31 /* Build configuration list for PBXNativeTarget "urbfarmUITest" */ = {
			isa = XCConfigurationList;
			buildConfigurations = (
				B9DE3BA421E0ABE200821C31 /* Debug */,
				B9DE3BA521E0ABE200821C31 /* Release */,
			);
			defaultConfigurationIsVisible = 0;
			defaultConfigurationName = Release;
		};
/* End XCConfigurationList section */
	};
	rootObject = B9DE3B8921E0ABE100821C31 /* Project object */;
}
